
Microsoft Visual Studio Solution File, Format Version 12.00
# Visual Studio Version 17
VisualStudioVersion = 17.14.36202.13 d17.14
MinimumVisualStudioVersion = 10.0.40219.1
Project("{FAE04EC0-301F-11D3-BF4B-00C04F79EFBC}") = "FixRegistry", "FixRegistry.csproj", "{E19DB469-CC10-44EB-B899-A401EFFF3836}"
EndProject
Global
	GlobalSection(SolutionConfigurationPlatforms) = preSolution
		Debug|Any CPU = Debug|Any CPU
		Release|Any CPU = Release|Any CPU
	EndGlobalSection
	GlobalSection(ProjectConfigurationPlatforms) = postSolution
		{E19DB469-CC10-44EB-B899-A401EFFF3836}.Debug|Any CPU.ActiveCfg = Debug|Any CPU
		{E19DB469-CC10-44EB-B899-A401EFFF3836}.Debug|Any CPU.Build.0 = Debug|Any CPU
		{E19DB469-CC10-44EB-B899-A401EFFF3836}.Release|Any CPU.ActiveCfg = Release|Any CPU
		{E19DB469-CC10-44EB-B899-A401EFFF3836}.Release|Any CPU.Build.0 = Release|Any CPU
	EndGlobalSection
	GlobalSection(SolutionProperties) = preSolution
		HideSolutionNode = FALSE
	EndGlobalSection
	GlobalSection(ExtensibilityGlobals) = postSolution
		SolutionGuid = {67076BCB-BD51-4973-B46F-AEF9FC3DCFAD}
	EndGlobalSection
EndGlobal
